
Microsoft Visual Studio Solution File, Format Version 12.00
# Visual Studio Version 16
VisualStudioVersion = 16.0.31424.327
MinimumVisualStudioVersion = 10.0.40219.1
Project("{FAE04EC0-301F-11D3-BF4B-00C04F79EFBC}") = "Viselitsa 2.0", "Viselitsa 2.0\Viselitsa 2.0.csproj", "{1F6ED09A-3D0F-4608-AF2A-B7CF5FE4EE04}"
EndProject
Global
	GlobalSection(SolutionConfigurationPlatforms) = preSolution
		Debug|Any CPU = Debug|Any CPU
		Release|Any CPU = Release|Any CPU
	EndGlobalSection
	GlobalSection(ProjectConfigurationPlatforms) = postSolution
		{1F6ED09A-3D0F-4608-AF2A-B7CF5FE4EE04}.Debug|Any CPU.ActiveCfg = Debug|Any CPU
		{1F6ED09A-3D0F-4608-AF2A-B7CF5FE4EE04}.Debug|Any CPU.Build.0 = Debug|Any CPU
		{1F6ED09A-3D0F-4608-AF2A-B7CF5FE4EE04}.Release|Any CPU.ActiveCfg = Release|Any CPU
		{1F6ED09A-3D0F-4608-AF2A-B7CF5FE4EE04}.Release|Any CPU.Build.0 = Release|Any CPU
	EndGlobalSection
	GlobalSection(SolutionProperties) = preSolution
		HideSolutionNode = FALSE
	EndGlobalSection
	GlobalSection(ExtensibilityGlobals) = postSolution
		SolutionGuid = {092B2764-616E-4B2C-9434-37FDDE012D2C}
	EndGlobalSection
EndGlobal
